// !$*UTF8*$!
{
	archiveVersion = 1;
	classes = {
	};
	objectVersion = 56;
	objects = {

/* Begin PBXBuildFile section */
		0EADDD332C9588E1008A57CB /* AppRouter.swift in Sources */ = {isa = PBXBuildFile; fileRef = 0EADDD322C9588E1008A57CB /* AppRouter.swift */; };
		0EADDD352C9588F0008A57CB /* AppContainer.swift in Sources */ = {isa = PBXBuildFile; fileRef = 0EADDD342C9588F0008A57CB /* AppContainer.swift */; };
		0EADDD3A2C958A40008A57CB /* MovieListViewController.swift in Sources */ = {isa = PBXBuildFile; fileRef = 0EADDD392C958A40008A57CB /* MovieListViewController.swift */; };
		0EADDD3F2C958B3A008A57CB /* MovieListBuilder.swift in Sources */ = {isa = PBXBuildFile; fileRef = 0EADDD3E2C958B3A008A57CB /* MovieListBuilder.swift */; };
		0EADDD412C958F49008A57CB /* MovieList.storyboard in Resources */ = {isa = PBXBuildFile; fileRef = 0EADDD402C958F49008A57CB /* MovieList.storyboard */; };
		0ED1C1ED2C956443002F3052 /* AppDelegate.swift in Sources */ = {isa = PBXBuildFile; fileRef = 0ED1C1EC2C956443002F3052 /* AppDelegate.swift */; };
		0ED1C1EF2C956443002F3052 /* SceneDelegate.swift in Sources */ = {isa = PBXBuildFile; fileRef = 0ED1C1EE2C956443002F3052 /* SceneDelegate.swift */; };
		0ED1C1F62C956444002F3052 /* Assets.xcassets in Resources */ = {isa = PBXBuildFile; fileRef = 0ED1C1F52C956444002F3052 /* Assets.xcassets */; };
		0ED1C1F92C956444002F3052 /* Base in Resources */ = {isa = PBXBuildFile; fileRef = 0ED1C1F82C956444002F3052 /* Base */; };
		0ED1C2042C956444002F3052 /* MovieBoxMVVMTests.swift in Sources */ = {isa = PBXBuildFile; fileRef = 0ED1C2032C956444002F3052 /* MovieBoxMVVMTests.swift */; };
/* End PBXBuildFile section */

/* Begin PBXContainerItemProxy section */
		0ED1C2002C956444002F3052 /* PBXContainerItemProxy */ = {
			isa = PBXContainerItemProxy;
			containerPortal = 0ED1C1E12C956443002F3052 /* Project object */;
			proxyType = 1;
			remoteGlobalIDString = 0ED1C1E82C956443002F3052;
			remoteInfo = MovieBoxMVVM;
		};
		0ED1C20A2C956444002F3052 /* PBXContainerItemProxy */ = {
			isa = PBXContainerItemProxy;
			containerPortal = 0ED1C1E12C956443002F3052 /* Project object */;
			proxyType = 1;
			remoteGlobalIDString = 0ED1C1E82C956443002F3052;
			remoteInfo = MovieBoxMVVM;
		};
/* End PBXContainerItemProxy section */

/* Begin PBXFileReference section */
		0EADDD322C9588E1008A57CB /* AppRouter.swift */ = {isa = PBXFileReference; lastKnownFileType = sourcecode.swift; path = AppRouter.swift; sourceTree = "<group>"; };
		0EADDD342C9588F0008A57CB /* AppContainer.swift */ = {isa = PBXFileReference; lastKnownFileType = sourcecode.swift; path = AppContainer.swift; sourceTree = "<group>"; };
		0EADDD392C958A40008A57CB /* MovieListViewController.swift */ = {isa = PBXFileReference; lastKnownFileType = sourcecode.swift; path = MovieListViewController.swift; sourceTree = "<group>"; };
		0EADDD3E2C958B3A008A57CB /* MovieListBuilder.swift */ = {isa = PBXFileReference; lastKnownFileType = sourcecode.swift; path = MovieListBuilder.swift; sourceTree = "<group>"; };
		0EADDD402C958F49008A57CB /* MovieList.storyboard */ = {isa = PBXFileReference; lastKnownFileType = file.storyboard; path = MovieList.storyboard; sourceTree = "<group>"; };
		0ED1C1E92C956443002F3052 /* MovieBoxMVVM.app */ = {isa = PBXFileReference; explicitFileType = wrapper.application; includeInIndex = 0; path = MovieBoxMVVM.app; sourceTree = BUILT_PRODUCTS_DIR; };
		0ED1C1EC2C956443002F3052 /* AppDelegate.swift */ = {isa = PBXFileReference; lastKnownFileType = sourcecode.swift; path = AppDelegate.swift; sourceTree = "<group>"; };
		0ED1C1EE2C956443002F3052 /* SceneDelegate.swift */ = {isa = PBXFileReference; lastKnownFileType = sourcecode.swift; path = SceneDelegate.swift; sourceTree = "<group>"; };
		0ED1C1F52C956444002F3052 /* Assets.xcassets */ = {isa = PBXFileReference; lastKnownFileType = folder.assetcatalog; path = Assets.xcassets; sourceTree = "<group>"; };
		0ED1C1F82C956444002F3052 /* Base */ = {isa = PBXFileReference; lastKnownFileType = file.storyboard; name = Base; path = Base.lproj/LaunchScreen.storyboard; sourceTree = "<group>"; };
		0ED1C1FA2C956444002F3052 /* Info.plist */ = {isa = PBXFileReference; lastKnownFileType = text.plist.xml; path = Info.plist; sourceTree = "<group>"; };
		0ED1C1FF2C956444002F3052 /* MovieBoxMVVMTests.xctest */ = {isa = PBXFileReference; explicitFileType = wrapper.cfbundle; includeInIndex = 0; path = MovieBoxMVVMTests.xctest; sourceTree = BUILT_PRODUCTS_DIR; };
		0ED1C2032C956444002F3052 /* MovieBoxMVVMTests.swift */ = {isa = PBXFileReference; lastKnownFileType = sourcecode.swift; path = MovieBoxMVVMTests.swift; sourceTree = "<group>"; };
		0ED1C2092C956444002F3052 /* MovieBoxMVVMUITests.xctest */ = {isa = PBXFileReference; explicitFileType = wrapper.cfbundle; includeInIndex = 0; path = MovieBoxMVVMUITests.xctest; sourceTree = BUILT_PRODUCTS_DIR; };
/* End PBXFileReference section */

/* Begin PBXFrameworksBuildPhase section */
		0ED1C1E62C956443002F3052 /* Frameworks */ = {
			isa = PBXFrameworksBuildPhase;
			buildActionMask = 2147483647;
			files = (
			);
			runOnlyForDeploymentPostprocessing = 0;
		};
		0ED1C1FC2C956444002F3052 /* Frameworks */ = {
			isa = PBXFrameworksBuildPhase;
			buildActionMask = 2147483647;
			files = (
			);
			runOnlyForDeploymentPostprocessing = 0;
		};
		0ED1C2062C956444002F3052 /* Frameworks */ = {
			isa = PBXFrameworksBuildPhase;
			buildActionMask = 2147483647;
			files = (
			);
			runOnlyForDeploymentPostprocessing = 0;
		};
/* End PBXFrameworksBuildPhase section */

/* Begin PBXGroup section */
		0ED1C1E02C956443002F3052 = {
			isa = PBXGroup;
			children = (
				0ED1C1EB2C956443002F3052 /* MovieBoxMVVM */,
				0ED1C2022C956444002F3052 /* MovieBoxMVVMTests */,
				0ED1C1EA2C956443002F3052 /* Products */,
			);
			sourceTree = "<group>";
		};
		0ED1C1EA2C956443002F3052 /* Products */ = {
			isa = PBXGroup;
			children = (
				0ED1C1E92C956443002F3052 /* MovieBoxMVVM.app */,
				0ED1C1FF2C956444002F3052 /* MovieBoxMVVMTests.xctest */,
				0ED1C2092C956444002F3052 /* MovieBoxMVVMUITests.xctest */,
			);
			name = Products;
			sourceTree = "<group>";
		};
		0ED1C1EB2C956443002F3052 /* MovieBoxMVVM */ = {
			isa = PBXGroup;
			children = (
				0ED1C2212C95878A002F3052 /* Comments */,
				0ED1C2202C958771002F3052 /* Supporting Files */,
				0ED1C21F2C958766002F3052 /* Resources */,
				0ED1C21E2C95875E002F3052 /* Helpers */,
				0ED1C21D2C958758002F3052 /* Scenes */,
				0ED1C21C2C958753002F3052 /* App */,
				0ED1C1FA2C956444002F3052 /* Info.plist */,
			);
			path = MovieBoxMVVM;
			sourceTree = "<group>";
		};
		0ED1C2022C956444002F3052 /* MovieBoxMVVMTests */ = {
			isa = PBXGroup;
			children = (
				0ED1C2032C956444002F3052 /* MovieBoxMVVMTests.swift */,
			);
			path = MovieBoxMVVMTests;
			sourceTree = "<group>";
		};
		0ED1C21C2C958753002F3052 /* App */ = {
			isa = PBXGroup;
			children = (
				0ED1C1EE2C956443002F3052 /* SceneDelegate.swift */,
				0ED1C1EC2C956443002F3052 /* AppDelegate.swift */,
				0EADDD322C9588E1008A57CB /* AppRouter.swift */,
				0EADDD342C9588F0008A57CB /* AppContainer.swift */,
			);
			path = App;
			sourceTree = "<group>";
		};
		0ED1C21D2C958758002F3052 /* Scenes */ = {
			isa = PBXGroup;
			children = (
				0ED1C2232C9587DA002F3052 /* MovieDetail */,
				0ED1C2222C9587D4002F3052 /* MovieList */,
			);
			path = Scenes;
			sourceTree = "<group>";
		};
		0ED1C21E2C95875E002F3052 /* Helpers */ = {
			isa = PBXGroup;
			children = (
			);
			path = Helpers;
			sourceTree = "<group>";
		};
		0ED1C21F2C958766002F3052 /* Resources */ = {
			isa = PBXGroup;
			children = (
				0ED1C1F52C956444002F3052 /* Assets.xcassets */,
			);
			path = Resources;
			sourceTree = "<group>";
		};
		0ED1C2202C958771002F3052 /* Supporting Files */ = {
			isa = PBXGroup;
			children = (
				0ED1C1F72C956444002F3052 /* LaunchScreen.storyboard */,
			);
			path = "Supporting Files";
			sourceTree = "<group>";
		};
		0ED1C2212C95878A002F3052 /* Comments */ = {
			isa = PBXGroup;
			children = (
			);
			path = Comments;
			sourceTree = "<group>";
		};
		0ED1C2222C9587D4002F3052 /* MovieList */ = {
			isa = PBXGroup;
			children = (
				0EADDD392C958A40008A57CB /* MovieListViewController.swift */,
				0EADDD3E2C958B3A008A57CB /* MovieListBuilder.swift */,
				0EADDD402C958F49008A57CB /* MovieList.storyboard */,
			);
			path = MovieList;
			sourceTree = "<group>";
		};
		0ED1C2232C9587DA002F3052 /* MovieDetail */ = {
			isa = PBXGroup;
			children = (
			);
			path = MovieDetail;
			sourceTree = "<group>";
		};
/* End PBXGroup section */

/* Begin PBXNativeTarget section */
		0ED1C1E82C956443002F3052 /* MovieBoxMVVM */ = {
			isa = PBXNativeTarget;
			buildConfigurationList = 0ED1C2132C956444002F3052 /* Build configuration list for PBXNativeTarget "MovieBoxMVVM" */;
			buildPhases = (
				0ED1C1E52C956443002F3052 /* Sources */,
				0ED1C1E62C956443002F3052 /* Frameworks */,
				0ED1C1E72C956443002F3052 /* Resources */,
			);
			buildRules = (
			);
			dependencies = (
			);
			name = MovieBoxMVVM;
			productName = MovieBoxMVVM;
			productReference = 0ED1C1E92C956443002F3052 /* MovieBoxMVVM.app */;
			productType = "com.apple.product-type.application";
		};
		0ED1C1FE2C956444002F3052 /* MovieBoxMVVMTests */ = {
			isa = PBXNativeTarget;
			buildConfigurationList = 0ED1C2162C956444002F3052 /* Build configuration list for PBXNativeTarget "MovieBoxMVVMTests" */;
			buildPhases = (
				0ED1C1FB2C956444002F3052 /* Sources */,
				0ED1C1FC2C956444002F3052 /* Frameworks */,
				0ED1C1FD2C956444002F3052 /* Resources */,
			);
			buildRules = (
			);
			dependencies = (
				0ED1C2012C956444002F3052 /* PBXTargetDependency */,
			);
			name = MovieBoxMVVMTests;
			productName = MovieBoxMVVMTests;
			productReference = 0ED1C1FF2C956444002F3052 /* MovieBoxMVVMTests.xctest */;
			productType = "com.apple.product-type.bundle.unit-test";
		};
		0ED1C2082C956444002F3052 /* MovieBoxMVVMUITests */ = {
			isa = PBXNativeTarget;
			buildConfigurationList = 0ED1C2192C956444002F3052 /* Build configuration list for PBXNativeTarget "MovieBoxMVVMUITests" */;
			buildPhases = (
				0ED1C2052C956444002F3052 /* Sources */,
				0ED1C2062C956444002F3052 /* Frameworks */,
				0ED1C2072C956444002F3052 /* Resources */,
			);
			buildRules = (
			);
			dependencies = (
				0ED1C20B2C956444002F3052 /* PBXTargetDependency */,
			);
			name = MovieBoxMVVMUITests;
			productName = MovieBoxMVVMUITests;
			productReference = 0ED1C2092C956444002F3052 /* MovieBoxMVVMUITests.xctest */;
			productType = "com.apple.product-type.bundle.ui-testing";
		};
/* End PBXNativeTarget section */

/* Begin PBXProject section */
		0ED1C1E12C956443002F3052 /* Project object */ = {
			isa = PBXProject;
			attributes = {
				BuildIndependentTargetsInParallel = 1;
				LastSwiftUpdateCheck = 1540;
				LastUpgradeCheck = 1540;
				TargetAttributes = {
					0ED1C1E82C956443002F3052 = {
						CreatedOnToolsVersion = 15.4;
						LastSwiftMigration = 1540;
					};
					0ED1C1FE2C956444002F3052 = {
						CreatedOnToolsVersion = 15.4;
						TestTargetID = 0ED1C1E82C956443002F3052;
					};
					0ED1C2082C956444002F3052 = {
						CreatedOnToolsVersion = 15.4;
						TestTargetID = 0ED1C1E82C956443002F3052;
					};
				};
			};
			buildConfigurationList = 0ED1C1E42C956443002F3052 /* Build configuration list for PBXProject "MovieBoxMVVM" */;
			compatibilityVersion = "Xcode 14.0";
			developmentRegion = en;
			hasScannedForEncodings = 0;
			knownRegions = (
				en,
				Base,
			);
			mainGroup = 0ED1C1E02C956443002F3052;
			productRefGroup = 0ED1C1EA2C956443002F3052 /* Products */;
			projectDirPath = "";
			projectRoot = "";
			targets = (
				0ED1C1E82C956443002F3052 /* MovieBoxMVVM */,
				0ED1C1FE2C956444002F3052 /* MovieBoxMVVMTests */,
				0ED1C2082C956444002F3052 /* MovieBoxMVVMUITests */,
			);
		};
/* End PBXProject section */

/* Begin PBXResourcesBuildPhase section */
		0ED1C1E72C956443002F3052 /* Resources */ = {
			isa = PBXResourcesBuildPhase;
			buildActionMask = 2147483647;
			files = (
				0EADDD412C958F49008A57CB /* MovieList.storyboard in Resources */,
				0ED1C1F62C956444002F3052 /* Assets.xcassets in Resources */,
				0ED1C1F92C956444002F3052 /* Base in Resources */,
			);
			runOnlyForDeploymentPostprocessing = 0;
		};
		0ED1C1FD2C956444002F3052 /* Resources */ = {
			isa = PBXResourcesBuildPhase;
			buildActionMask = 2147483647;
			files = (
			);
			runOnlyForDeploymentPostprocessing = 0;
		};
		0ED1C2072C956444002F3052 /* Resources */ = {
			isa = PBXResourcesBuildPhase;
			buildActionMask = 2147483647;
			files = (
			);
			runOnlyForDeploymentPostprocessing = 0;
		};
/* End PBXResourcesBuildPhase section */

/* Begin PBXSourcesBuildPhase section */
		0ED1C1E52C956443002F3052 /* Sources */ = {
			isa = PBXSourcesBuildPhase;
			buildActionMask = 2147483647;
			files = (
				0ED1C1ED2C956443002F3052 /* AppDelegate.swift in Sources */,
				0EADDD3A2C958A40008A57CB /* MovieListViewController.swift in Sources */,
				0EADDD352C9588F0008A57CB /* AppContainer.swift in Sources */,
				0ED1C1EF2C956443002F3052 /* SceneDelegate.swift in Sources */,
				0EADDD3F2C958B3A008A57CB /* MovieListBuilder.swift in Sources */,
				0EADDD332C9588E1008A57CB /* AppRouter.swift in Sources */,
			);
			runOnlyForDeploymentPostprocessing = 0;
		};
		0ED1C1FB2C956444002F3052 /* Sources */ = {
			isa = PBXSourcesBuildPhase;
			buildActionMask = 2147483647;
			files = (
				0ED1C2042C956444002F3052 /* MovieBoxMVVMTests.swift in Sources */,
			);
			runOnlyForDeploymentPostprocessing = 0;
		};
		0ED1C2052C956444002F3052 /* Sources */ = {
			isa = PBXSourcesBuildPhase;
			buildActionMask = 2147483647;
			files = (
			);
			runOnlyForDeploymentPostprocessing = 0;
		};
/* End PBXSourcesBuildPhase section */

/* Begin PBXTargetDependency section */
		0ED1C2012C956444002F3052 /* PBXTargetDependency */ = {
			isa = PBXTargetDependency;
			target = 0ED1C1E82C956443002F3052 /* MovieBoxMVVM */;
			targetProxy = 0ED1C2002C956444002F3052 /* PBXContainerItemProxy */;
		};
		0ED1C20B2C956444002F3052 /* PBXTargetDependency */ = {
			isa = PBXTargetDependency;
			target = 0ED1C1E82C956443002F3052 /* MovieBoxMVVM */;
			targetProxy = 0ED1C20A2C956444002F3052 /* PBXContainerItemProxy */;
		};
/* End PBXTargetDependency section */

/* Begin PBXVariantGroup section */
		0ED1C1F72C956444002F3052 /* LaunchScreen.storyboard */ = {
			isa = PBXVariantGroup;
			children = (
				0ED1C1F82C956444002F3052 /* Base */,
			);
			name = LaunchScreen.storyboard;
			sourceTree = "<group>";
		};
/* End PBXVariantGroup section */

/* Begin XCBuildConfiguration section */
		0ED1C2112C956444002F3052 /* Debug */ = {
			isa = XCBuildConfiguration;
			buildSettings = {
				ALWAYS_SEARCH_USER_PATHS = NO;
				ASSETCATALOG_COMPILER_GENERATE_SWIFT_ASSET_SYMBOL_EXTENSIONS = YES;
				CLANG_ANALYZER_NONNULL = YES;
				CLANG_ANALYZER_NUMBER_OBJECT_CONVERSION = YES_AGGRESSIVE;
				CLANG_CXX_LANGUAGE_STANDARD = "gnu++20";
				CLANG_ENABLE_MODULES = YES;
				CLANG_ENABLE_OBJC_ARC = YES;
				CLANG_ENABLE_OBJC_WEAK = YES;
				CLANG_WARN_BLOCK_CAPTURE_AUTORELEASING = YES;
				CLANG_WARN_BOOL_CONVERSION = YES;
				CLANG_WARN_COMMA = YES;
				CLANG_WARN_CONSTANT_CONVERSION = YES;
				CLANG_WARN_DEPRECATED_OBJC_IMPLEMENTATIONS = YES;
				CLANG_WARN_DIRECT_OBJC_ISA_USAGE = YES_ERROR;
				CLANG_WARN_DOCUMENTATION_COMMENTS = YES;
				CLANG_WARN_EMPTY_BODY = YES;
				CLANG_WARN_ENUM_CONVERSION = YES;
				CLANG_WARN_INFINITE_RECURSION = YES;
				CLANG_WARN_INT_CONVERSION = YES;
				CLANG_WARN_NON_LITERAL_NULL_CONVERSION = YES;
				CLANG_WARN_OBJC_IMPLICIT_RETAIN_SELF = YES;
				CLANG_WARN_OBJC_LITERAL_CONVERSION = YES;
				CLANG_WARN_OBJC_ROOT_CLASS = YES_ERROR;
				CLANG_WARN_QUOTED_INCLUDE_IN_FRAMEWORK_HEADER = YES;
				CLANG_WARN_RANGE_LOOP_ANALYSIS = YES;
				CLANG_WARN_STRICT_PROTOTYPES = YES;
				CLANG_WARN_SUSPICIOUS_MOVE = YES;
				CLANG_WARN_UNGUARDED_AVAILABILITY = YES_AGGRESSIVE;
				CLANG_WARN_UNREACHABLE_CODE = YES;
				CLANG_WARN__DUPLICATE_METHOD_MATCH = YES;
				COPY_PHASE_STRIP = NO;
				DEBUG_INFORMATION_FORMAT = dwarf;
				ENABLE_STRICT_OBJC_MSGSEND = YES;
				ENABLE_TESTABILITY = YES;
				ENABLE_USER_SCRIPT_SANDBOXING = YES;
				GCC_C_LANGUAGE_STANDARD = gnu17;
				GCC_DYNAMIC_NO_PIC = NO;
				GCC_NO_COMMON_BLOCKS = YES;
				GCC_OPTIMIZATION_LEVEL = 0;
				GCC_PREPROCESSOR_DEFINITIONS = (
					"DEBUG=1",
					"$(inherited)",
				);
				GCC_WARN_64_TO_32_BIT_CONVERSION = YES;
				GCC_WARN_ABOUT_RETURN_TYPE = YES_ERROR;
				GCC_WARN_UNDECLARED_SELECTOR = YES;
				GCC_WARN_UNINITIALIZED_AUTOS = YES_AGGRESSIVE;
				GCC_WARN_UNUSED_FUNCTION = YES;
				GCC_WARN_UNUSED_VARIABLE = YES;
				IPHONEOS_DEPLOYMENT_TARGET = 17.5;
				LOCALIZATION_PREFERS_STRING_CATALOGS = YES;
				MTL_ENABLE_DEBUG_INFO = INCLUDE_SOURCE;
				MTL_FAST_MATH = YES;
				ONLY_ACTIVE_ARCH = YES;
				SDKROOT = iphoneos;
				SWIFT_ACTIVE_COMPILATION_CONDITIONS = "DEBUG $(inherited)";
				SWIFT_OPTIMIZATION_LEVEL = "-Onone";
			};
			name = Debug;
		};
		0ED1C2122C956444002F3052 /* Release */ = {
			isa = XCBuildConfiguration;
			buildSettings = {
				ALWAYS_SEARCH_USER_PATHS = NO;
				ASSETCATALOG_COMPILER_GENERATE_SWIFT_ASSET_SYMBOL_EXTENSIONS = YES;
				CLANG_ANALYZER_NONNULL = YES;
				CLANG_ANALYZER_NUMBER_OBJECT_CONVERSION = YES_AGGRESSIVE;
				CLANG_CXX_LANGUAGE_STANDARD = "gnu++20";
				CLANG_ENABLE_MODULES = YES;
				CLANG_ENABLE_OBJC_ARC = YES;
				CLANG_ENABLE_OBJC_WEAK = YES;
				CLANG_WARN_BLOCK_CAPTURE_AUTORELEASING = YES;
				CLANG_WARN_BOOL_CONVERSION = YES;
				CLANG_WARN_COMMA = YES;
				CLANG_WARN_CONSTANT_CONVERSION = YES;
				CLANG_WARN_DEPRECATED_OBJC_IMPLEMENTATIONS = YES;
				CLANG_WARN_DIRECT_OBJC_ISA_USAGE = YES_ERROR;
				CLANG_WARN_DOCUMENTATION_COMMENTS = YES;
				CLANG_WARN_EMPTY_BODY = YES;
				CLANG_WARN_ENUM_CONVERSION = YES;
				CLANG_WARN_INFINITE_RECURSION = YES;
				CLANG_WARN_INT_CONVERSION = YES;
				CLANG_WARN_NON_LITERAL_NULL_CONVERSION = YES;
				CLANG_WARN_OBJC_IMPLICIT_RETAIN_SELF = YES;
				CLANG_WARN_OBJC_LITERAL_CONVERSION = YES;
				CLANG_WARN_OBJC_ROOT_CLASS = YES_ERROR;
				CLANG_WARN_QUOTED_INCLUDE_IN_FRAMEWORK_HEADER = YES;
				CLANG_WARN_RANGE_LOOP_ANALYSIS = YES;
				CLANG_WARN_STRICT_PROTOTYPES = YES;
				CLANG_WARN_SUSPICIOUS_MOVE = YES;
				CLANG_WARN_UNGUARDED_AVAILABILITY = YES_AGGRESSIVE;
				CLANG_WARN_UNREACHABLE_CODE = YES;
				CLANG_WARN__DUPLICATE_METHOD_MATCH = YES;
				COPY_PHASE_STRIP = NO;
				DEBUG_INFORMATION_FORMAT = "dwarf-with-dsym";
				ENABLE_NS_ASSERTIONS = NO;
				ENABLE_STRICT_OBJC_MSGSEND = YES;
				ENABLE_USER_SCRIPT_SANDBOXING = YES;
				GCC_C_LANGUAGE_STANDARD = gnu17;
				GCC_NO_COMMON_BLOCKS = YES;
				GCC_WARN_64_TO_32_BIT_CONVERSION = YES;
				GCC_WARN_ABOUT_RETURN_TYPE = YES_ERROR;
				GCC_WARN_UNDECLARED_SELECTOR = YES;
				GCC_WARN_UNINITIALIZED_AUTOS = YES_AGGRESSIVE;
				GCC_WARN_UNUSED_FUNCTION = YES;
				GCC_WARN_UNUSED_VARIABLE = YES;
				IPHONEOS_DEPLOYMENT_TARGET = 17.5;
				LOCALIZATION_PREFERS_STRING_CATALOGS = YES;
				MTL_ENABLE_DEBUG_INFO = NO;
				MTL_FAST_MATH = YES;
				SDKROOT = iphoneos;
				SWIFT_COMPILATION_MODE = wholemodule;
				VALIDATE_PRODUCT = YES;
			};
			name = Release;
		};
		0ED1C2142C956444002F3052 /* Debug */ = {
			isa = XCBuildConfiguration;
			buildSettings = {
				ASSETCATALOG_COMPILER_APPICON_NAME = AppIcon;
				ASSETCATALOG_COMPILER_GLOBAL_ACCENT_COLOR_NAME = AccentColor;
				CLANG_ENABLE_MODULES = YES;
				CODE_SIGN_STYLE = Automatic;
				CURRENT_PROJECT_VERSION = 1;
				DEVELOPMENT_TEAM = 6HT5X4W7TW;
				GENERATE_INFOPLIST_FILE = YES;
				INFOPLIST_FILE = MovieBoxMVVM/Info.plist;
				INFOPLIST_KEY_UIApplicationSupportsIndirectInputEvents = YES;
				INFOPLIST_KEY_UILaunchStoryboardName = LaunchScreen;
				INFOPLIST_KEY_UIMainStoryboardFile = Main;
				INFOPLIST_KEY_UISupportedInterfaceOrientations_iPad = "UIInterfaceOrientationPortrait UIInterfaceOrientationPortraitUpsideDown UIInterfaceOrientationLandscapeLeft UIInterfaceOrientationLandscapeRight";
				INFOPLIST_KEY_UISupportedInterfaceOrientations_iPhone = "UIInterfaceOrientationPortrait UIInterfaceOrientationLandscapeLeft UIInterfaceOrientationLandscapeRight";
				LD_RUNPATH_SEARCH_PATHS = (
					"$(inherited)",
					"@executable_path/Frameworks",
				);
				MARKETING_VERSION = 1.0;
				PRODUCT_BUNDLE_IDENTIFIER = com.ahmettunahanbekdas.MovieBoxMVVM;
				PRODUCT_NAME = "$(TARGET_NAME)";
				SWIFT_EMIT_LOC_STRINGS = YES;
				SWIFT_OPTIMIZATION_LEVEL = "-Onone";
				SWIFT_VERSION = 5.0;
				TARGETED_DEVICE_FAMILY = "1,2";
			};
			name = Debug;
		};
		0ED1C2152C956444002F3052 /* Release */ = {
			isa = XCBuildConfiguration;
			buildSettings = {
				ASSETCATALOG_COMPILER_APPICON_NAME = AppIcon;
				ASSETCATALOG_COMPILER_GLOBAL_ACCENT_COLOR_NAME = AccentColor;
				CLANG_ENABLE_MODULES = YES;
				CODE_SIGN_STYLE = Automatic;
				CURRENT_PROJECT_VERSION = 1;
				DEVELOPMENT_TEAM = 6HT5X4W7TW;
				GENERATE_INFOPLIST_FILE = YES;
				INFOPLIST_FILE = MovieBoxMVVM/Info.plist;
				INFOPLIST_KEY_UIApplicationSupportsIndirectInputEvents = YES;
				INFOPLIST_KEY_UILaunchStoryboardName = LaunchScreen;
				INFOPLIST_KEY_UIMainStoryboardFile = Main;
				INFOPLIST_KEY_UISupportedInterfaceOrientations_iPad = "UIInterfaceOrientationPortrait UIInterfaceOrientationPortraitUpsideDown UIInterfaceOrientationLandscapeLeft UIInterfaceOrientationLandscapeRight";
				INFOPLIST_KEY_UISupportedInterfaceOrientations_iPhone = "UIInterfaceOrientationPortrait UIInterfaceOrientationLandscapeLeft UIInterfaceOrientationLandscapeRight";
				LD_RUNPATH_SEARCH_PATHS = (
					"$(inherited)",
					"@executable_path/Frameworks",
				);
				MARKETING_VERSION = 1.0;
				PRODUCT_BUNDLE_IDENTIFIER = com.ahmettunahanbekdas.MovieBoxMVVM;
				PRODUCT_NAME = "$(TARGET_NAME)";
				SWIFT_EMIT_LOC_STRINGS = YES;
				SWIFT_VERSION = 5.0;
				TARGETED_DEVICE_FAMILY = "1,2";
			};
			name = Release;
		};
		0ED1C2172C956444002F3052 /* Debug */ = {
			isa = XCBuildConfiguration;
			buildSettings = {
				ALWAYS_EMBED_SWIFT_STANDARD_LIBRARIES = YES;
				BUNDLE_LOADER = "$(TEST_HOST)";
				CODE_SIGN_STYLE = Automatic;
				CURRENT_PROJECT_VERSION = 1;
				DEVELOPMENT_TEAM = 6HT5X4W7TW;
				GENERATE_INFOPLIST_FILE = YES;
				IPHONEOS_DEPLOYMENT_TARGET = 17.5;
				MARKETING_VERSION = 1.0;
				PRODUCT_BUNDLE_IDENTIFIER = com.ahmettunahanbekdas.MovieBoxMVVMTests;
				PRODUCT_NAME = "$(TARGET_NAME)";
				SWIFT_EMIT_LOC_STRINGS = NO;
				SWIFT_VERSION = 5.0;
				TARGETED_DEVICE_FAMILY = "1,2";
				TEST_HOST = "$(BUILT_PRODUCTS_DIR)/MovieBoxMVVM.app/$(BUNDLE_EXECUTABLE_FOLDER_PATH)/MovieBoxMVVM";
			};
			name = Debug;
		};
		0ED1C2182C956444002F3052 /* Release */ = {
			isa = XCBuildConfiguration;
			buildSettings = {
				ALWAYS_EMBED_SWIFT_STANDARD_LIBRARIES = YES;
				BUNDLE_LOADER = "$(TEST_HOST)";
				CODE_SIGN_STYLE = Automatic;
				CURRENT_PROJECT_VERSION = 1;
				DEVELOPMENT_TEAM = 6HT5X4W7TW;
				GENERATE_INFOPLIST_FILE = YES;
				IPHONEOS_DEPLOYMENT_TARGET = 17.5;
				MARKETING_VERSION = 1.0;
				PRODUCT_BUNDLE_IDENTIFIER = com.ahmettunahanbekdas.MovieBoxMVVMTests;
				PRODUCT_NAME = "$(TARGET_NAME)";
				SWIFT_EMIT_LOC_STRINGS = NO;
				SWIFT_VERSION = 5.0;
				TARGETED_DEVICE_FAMILY = "1,2";
				TEST_HOST = "$(BUILT_PRODUCTS_DIR)/MovieBoxMVVM.app/$(BUNDLE_EXECUTABLE_FOLDER_PATH)/MovieBoxMVVM";
			};
			name = Release;
		};
		0ED1C21A2C956444002F3052 /* Debug */ = {
			isa = XCBuildConfiguration;
			buildSettings = {
				ALWAYS_EMBED_SWIFT_STANDARD_LIBRARIES = YES;
				CODE_SIGN_STYLE = Automatic;
				CURRENT_PROJECT_VERSION = 1;
				DEVELOPMENT_TEAM = 6HT5X4W7TW;
				GENERATE_INFOPLIST_FILE = YES;
				MARKETING_VERSION = 1.0;
				PRODUCT_BUNDLE_IDENTIFIER = com.ahmettunahanbekdas.MovieBoxMVVMUITests;
				PRODUCT_NAME = "$(TARGET_NAME)";
				SWIFT_EMIT_LOC_STRINGS = NO;
				SWIFT_VERSION = 5.0;
				TARGETED_DEVICE_FAMILY = "1,2";
				TEST_TARGET_NAME = MovieBoxMVVM;
			};
			name = Debug;
		};
		0ED1C21B2C956444002F3052 /* Release */ = {
			isa = XCBuildConfiguration;
			buildSettings = {
				ALWAYS_EMBED_SWIFT_STANDARD_LIBRARIES = YES;
				CODE_SIGN_STYLE = Automatic;
				CURRENT_PROJECT_VERSION = 1;
				DEVELOPMENT_TEAM = 6HT5X4W7TW;
				GENERATE_INFOPLIST_FILE = YES;
				MARKETING_VERSION = 1.0;
				PRODUCT_BUNDLE_IDENTIFIER = com.ahmettunahanbekdas.MovieBoxMVVMUITests;
				PRODUCT_NAME = "$(TARGET_NAME)";
				SWIFT_EMIT_LOC_STRINGS = NO;
				SWIFT_VERSION = 5.0;
				TARGETED_DEVICE_FAMILY = "1,2";
				TEST_TARGET_NAME = MovieBoxMVVM;
			};
			name = Release;
		};
/* End XCBuildConfiguration section */

/* Begin XCConfigurationList section */
		0ED1C1E42C956443002F3052 /* Build configuration list for PBXProject "MovieBoxMVVM" */ = {
			isa = XCConfigurationList;
			buildConfigurations = (
				0ED1C2112C956444002F3052 /* Debug */,
				0ED1C2122C956444002F3052 /* Release */,
			);
			defaultConfigurationIsVisible = 0;
			defaultConfigurationName = Release;
		};
		0ED1C2132C956444002F3052 /* Build configuration list for PBXNativeTarget "MovieBoxMVVM" */ = {
			isa = XCConfigurationList;
			buildConfigurations = (
				0ED1C2142C956444002F3052 /* Debug */,
				0ED1C2152C956444002F3052 /* Release */,
			);
			defaultConfigurationIsVisible = 0;
			defaultConfigurationName = Release;
		};
		0ED1C2162C956444002F3052 /* Build configuration list for PBXNativeTarget "MovieBoxMVVMTests" */ = {
			isa = XCConfigurationList;
			buildConfigurations = (
				0ED1C2172C956444002F3052 /* Debug */,
				0ED1C2182C956444002F3052 /* Release */,
			);
			defaultConfigurationIsVisible = 0;
			defaultConfigurationName = Release;
		};
		0ED1C2192C956444002F3052 /* Build configuration list for PBXNativeTarget "MovieBoxMVVMUITests" */ = {
			isa = XCConfigurationList;
			buildConfigurations = (
				0ED1C21A2C956444002F3052 /* Debug */,
				0ED1C21B2C956444002F3052 /* Release */,
			);
			defaultConfigurationIsVisible = 0;
			defaultConfigurationName = Release;
		};
/* End XCConfigurationList section */
	};
	rootObject = 0ED1C1E12C956443002F3052 /* Project object */;
}
